{
  "version": "5",
  "specifiers": {
    "jsr:@std/cli@^1.0.21": "1.0.21",
    "jsr:@std/fs@^1.0.19": "1.0.19",
    "jsr:@std/internal@^1.0.9": "1.0.10",
    "jsr:@std/path@*": "1.1.1",
    "jsr:@std/path@^1.0.19": "1.1.1",
    "jsr:@std/path@^1.1.1": "1.1.1",
    "npm:@junobuild/config@^1.0.1": "1.0.1_@dfinity+zod-schemas@1.0.0__@dfinity+principal@2.4.1__zod@3.25.76_zod@3.25.76",
    "npm:@types/node@*": "22.15.15",
    "npm:@types/yauzl@^2.10.3": "2.10.3",
    "npm:yauzl@^3.2.0": "3.2.0"
  },
  "jsr": {
    "@std/cli@1.0.21": {
      "integrity": "cd25b050bdf6282e321854e3822bee624f07aca7636a3a76d95f77a3a919ca2a"
    },
    "@std/fs@1.0.19": {
      "integrity": "051968c2b1eae4d2ea9f79a08a3845740ef6af10356aff43d3e2ef11ed09fb06",
      "dependencies": [
        "jsr:@std/internal",
        "jsr:@std/path@^1.1.1"
      ]
    },
    "@std/internal@1.0.10": {
      "integrity": "e3be62ce42cab0e177c27698e5d9800122f67b766a0bea6ca4867886cbde8cf7"
    },
    "@std/path@1.1.1": {
      "integrity": "fe00026bd3a7e6a27f73709b83c607798be40e20c81dde655ce34052fd82ec76",
      "dependencies": [
        "jsr:@std/internal"
      ]
    }
  },
  "npm": {
    "@dfinity/principal@2.4.1": {
      "integrity": "sha512-Cz6XQVOwq0TXDBClPbcidDd4SqK1lfr1/Kn34ruDD13xVQ4iaP1iCntzS9O97+vGpY/6jwDtKd32Gn5YJ9BQNw==",
      "dependencies": [
        "@noble/hashes"
      ]
    },
    "@dfinity/zod-schemas@1.0.0_@dfinity+principal@2.4.1_zod@3.25.76": {
      "integrity": "sha512-5ApkpRO8hqTb7B9GH4H8FljY/r6hh3zpA/HFeeozIHieyebAzB748+4T9/oL6T7udkvlfWPMulbmjSHerm3B9A==",
      "dependencies": [
        "@dfinity/principal",
        "zod"
      ]
    },
    "@junobuild/config@1.0.1_@dfinity+zod-schemas@1.0.0__@dfinity+principal@2.4.1__zod@3.25.76_zod@3.25.76": {
      "integrity": "sha512-wr1Ku4KU0D1uX4700rNL92YcQs9x8uwa5+0FefyTRvBi6wpiZ95BIewoGaw6ifaJx4hMJ3p+orMuILD+vqPcIA==",
      "dependencies": [
        "@dfinity/zod-schemas",
        "zod"
      ]
    },
    "@noble/hashes@1.8.0": {
      "integrity": "sha512-jCs9ldd7NwzpgXDIf6P3+NrHh9/sD6CQdxHyjQI+h/6rDNo88ypBxxz45UDuZHz9r3tNz7N/VInSVoVdtXEI4A=="
    },
    "@types/node@22.15.15": {
      "integrity": "sha512-R5muMcZob3/Jjchn5LcO8jdKwSCbzqmPB6ruBxMcf9kbxtniZHP327s6C37iOfuw8mbKK3cAQa7sEl7afLrQ8A==",
      "dependencies": [
        "undici-types"
      ]
    },
    "@types/yauzl@2.10.3": {
      "integrity": "sha512-oJoftv0LSuaDZE3Le4DbKX+KS9G36NzOeSap90UIK0yMA/NhKJhqlSGtNDORNRaIbQfzjXDrQa0ytJ6mNRGz/Q==",
      "dependencies": [
        "@types/node"
      ]
    },
    "buffer-crc32@0.2.13": {
      "integrity": "sha512-VO9Ht/+p3SN7SKWqcrgEzjGbRSJYTx+Q1pTQC0wrWqHx0vpJraQ6GtHx8tvcg1rlK1byhU5gccxgOgj7B0TDkQ=="
    },
    "pend@1.2.0": {
      "integrity": "sha512-F3asv42UuXchdzt+xXqfW1OGlVBe+mxa2mqI0pg5yAHZPvFmY3Y6drSf/GQ1A86WgWEN9Kzh/WrgKa6iGcHXLg=="
    },
    "undici-types@6.21.0": {
      "integrity": "sha512-iwDZqg0QAGrg9Rav5H4n0M64c3mkR59cJ6wQp+7C4nI0gsmExaedaYLNO44eT4AtBBwjbTiGPMlt2Md0T9H9JQ=="
    },
    "yauzl@3.2.0": {
      "integrity": "sha512-Ow9nuGZE+qp1u4JIPvg+uCiUr7xGQWdff7JQSk5VGYTAZMDe2q8lxJ10ygv10qmSj031Ty/6FNJpLO4o1Sgc+w==",
      "dependencies": [
        "buffer-crc32",
        "pend"
      ]
    },
    "zod@3.25.76": {
      "integrity": "sha512-gzUt/qt81nXsFGKIFcC3YnfEAx5NkunCfnDlvuBSSFS02bcXu4Lmea0AFIUwbLWxWPx3d9p8S5QoaujKcNQxcQ=="
    }
  },
  "workspace": {
    "dependencies": [
      "jsr:@std/cli@^1.0.21",
      "jsr:@std/fs@^1.0.19",
      "jsr:@std/path@^1.0.19",
      "npm:@junobuild/config@^1.0.1",
      "npm:@types/yauzl@^2.10.3",
      "npm:yauzl@^3.2.0"
    ]
  }
}
